{
  "version": 4,
  "terraform_version": "0.12.24",
  "serial": 108,
  "lineage": "605a2f12-08c1-c006-c92e-e818866941d5",
  "outputs": {
    "nginx-demo-url": {
      "value": "https://gcp-sac-cicd.symcmwinslow.luminatesite.com",
      "type": "string"
    }
  },
  "resources": [
    {
      "mode": "data",
      "type": "luminate_group",
      "name": "groups",
      "provider": "provider.luminate",
      "instances": [
        {
          "schema_version": 0,
          "attributes": {
            "group_ids": [
              "00gao92rnevntXZpS4x6"
            ],
            "groups": [
              "Developers"
            ],
            "id": "9344f892-adbf-4bfa-8b3b-c4b31617143a",
            "identity_provider_id": "9344f892-adbf-4bfa-8b3b-c4b31617143a"
          }
        }
      ]
    },
    {
      "mode": "data",
      "type": "luminate_identity_provider",
      "name": "idp",
      "provider": "provider.luminate",
      "instances": [
        {
          "schema_version": 0,
          "attributes": {
            "id": "My-SAC-Okta",
            "identity_provider_id": "9344f892-adbf-4bfa-8b3b-c4b31617143a",
            "identity_provider_name": "My-SAC-Okta"
          }
        }
      ]
    },
    {
      "mode": "data",
      "type": "luminate_user",
      "name": "users",
      "provider": "provider.luminate",
      "instances": [
        {
          "schema_version": 0,
          "attributes": {
            "id": "9344f892-adbf-4bfa-8b3b-c4b31617143a",
            "identity_provider_id": "9344f892-adbf-4bfa-8b3b-c4b31617143a",
            "user_ids": [
              "00u13543boCcEbe8a4x6"
            ],
            "users": [
              "michael.winslow@broadcom.com"
            ]
          }
        }
      ]
    },
    {
      "mode": "managed",
      "type": "google_compute_instance",
      "name": "default",
      "provider": "provider.google",
      "instances": [
        {
          "schema_version": 6,
          "attributes": {
            "allow_stopping_for_update": null,
            "attached_disk": [],
            "boot_disk": [
              {
                "auto_delete": true,
                "device_name": "persistent-disk-0",
                "disk_encryption_key_raw": "",
                "disk_encryption_key_sha256": "",
                "initialize_params": [
                  {
                    "image": "https://www.googleapis.com/compute/v1/projects/ubuntu-os-cloud/global/images/ubuntu-1804-bionic-v20200430",
                    "labels": {},
                    "size": 10,
                    "type": "pd-standard"
                  }
                ],
                "kms_key_self_link": "",
                "mode": "READ_WRITE",
                "source": "https://www.googleapis.com/compute/v1/projects/demos-sed-isg-integdemo/zones/us-west1-a/disks/sac-dev-vm-1c55ca231cfd6ed1"
              }
            ],
            "can_ip_forward": false,
            "cpu_platform": "Intel Broadwell",
            "current_status": "RUNNING",
            "deletion_protection": false,
            "description": "",
            "desired_status": null,
            "enable_display": false,
            "guest_accelerator": [],
            "hostname": "",
            "id": "projects/demos-sed-isg-integdemo/zones/us-west1-a/instances/sac-dev-vm-1c55ca231cfd6ed1",
            "instance_id": "4671900929488967296",
            "label_fingerprint": "42WmSpB8rSM=",
            "labels": null,
            "machine_type": "f1-micro",
            "metadata": null,
            "metadata_fingerprint": "Q8SlfE0L2lQ=",
            "metadata_startup_script": "#!/bin/bash\n\napt-get update\napt-get install -y \\\n    apt-transport-https \\\n    ca-certificates \\\n    curl \\\n    software-properties-common\n\ncurl -fsSL https://download.docker.com/linux/ubuntu/gpg | sudo apt-key add -\n\nadd-apt-repository \\\n   \"deb [arch=amd64] https://download.docker.com/linux/ubuntu \\\n   $(lsb_release -cs) \\\n   stable\"\n\napt-get update\napt-get install -y docker-ce\n\napt-get install -y git\nmkdir -p /data/web",
            "min_cpu_platform": "",
            "name": "sac-dev-vm-1c55ca231cfd6ed1",
            "network_interface": [
              {
                "access_config": [
                  {
                    "nat_ip": "35.230.51.0",
                    "network_tier": "PREMIUM",
                    "public_ptr_domain_name": ""
                  }
                ],
                "alias_ip_range": [],
                "name": "nic0",
                "network": "https://www.googleapis.com/compute/v1/projects/demos-sed-isg-integdemo/global/networks/default",
                "network_ip": "10.138.0.22",
                "subnetwork": "https://www.googleapis.com/compute/v1/projects/demos-sed-isg-integdemo/regions/us-west1/subnetworks/default",
                "subnetwork_project": "demos-sed-isg-integdemo"
              }
            ],
            "project": "demos-sed-isg-integdemo",
            "resource_policies": null,
            "scheduling": [
              {
                "automatic_restart": true,
                "node_affinities": [],
                "on_host_maintenance": "MIGRATE",
                "preemptible": false
              }
            ],
            "scratch_disk": [],
            "self_link": "https://www.googleapis.com/compute/v1/projects/demos-sed-isg-integdemo/zones/us-west1-a/instances/sac-dev-vm-1c55ca231cfd6ed1",
            "service_account": [],
            "shielded_instance_config": [
              {
                "enable_integrity_monitoring": true,
                "enable_secure_boot": false,
                "enable_vtpm": true
              }
            ],
            "tags": null,
            "tags_fingerprint": "42WmSpB8rSM=",
            "timeouts": null,
            "zone": "us-west1-a"
          },
          "private": "eyJlMmJmYjczMC1lY2FhLTExZTYtOGY4OC0zNDM2M2JjN2M0YzAiOnsiY3JlYXRlIjoxMjAwMDAwMDAwMDAwLCJkZWxldGUiOjEyMDAwMDAwMDAwMDAsInVwZGF0ZSI6MTIwMDAwMDAwMDAwMH0sInNjaGVtYV92ZXJzaW9uIjoiNiJ9",
          "dependencies": [
            "random_id.instance_id"
          ]
        }
      ]
    },
    {
      "mode": "managed",
      "type": "luminate_connector",
      "name": "connector",
      "provider": "provider.luminate",
      "instances": [
        {
          "schema_version": 0,
          "attributes": {
            "command": "sudo docker run --ulimit nofile=2048 \\\n    --log-driver json-file --log-opt max-size=50m --log-opt max-file=10 \\\n    -e ENDPOINT_URL='symcmwinslow.luminatesite.com' \\\n    -e TENANT_IDENTIFIER='5169f6c74009495287c629bee16160c7_symcmwinslow' \\\n    --network=host \\\n    -d \\\n    --name='gcp-cicd-site-connector' \\\n    --restart=on-failure \\\n    -e HTTPS_SKIP_CERT_VERIFY='true' \\\n    -e OTP='380a12bd-ce51-42c3-abdc-ba0c8d817f73' \\\n    luminate/connector:2.7.10",
            "id": "4cfa4000-dae3-4b7d-b7c7-e73331f2e15a",
            "name": "gcp-cicd-site-connector",
            "otp": "380a12bd-ce51-42c3-abdc-ba0c8d817f73",
            "site_id": "8e299902-db4e-4779-96d5-d5f3188f0026",
            "type": "linux"
          },
          "private": "bnVsbA==",
          "dependencies": [
            "luminate_site.site"
          ]
        }
      ]
    },
    {
      "mode": "managed",
      "type": "luminate_site",
      "name": "site",
      "provider": "provider.luminate",
      "instances": [
        {
          "schema_version": 0,
          "attributes": {
            "id": "8e299902-db4e-4779-96d5-d5f3188f0026",
            "kerberos": [],
            "kubernetes_persistent_volume_name": "",
            "mute_health_notification": false,
            "name": "GCP-CICD-Site"
          },
          "private": "bnVsbA=="
        }
      ]
    },
    {
      "mode": "managed",
      "type": "luminate_web_access_policy",
      "name": "web-access-policy",
      "provider": "provider.luminate",
      "instances": [
        {
          "schema_version": 0,
          "attributes": {
            "applications": [
              "4a4a359d-2956-43cc-988b-7a2ec60cd86f"
            ],
            "conditions": [],
            "enabled": true,
            "group_ids": [
              "00gao92rnevntXZpS4x6"
            ],
            "id": "189f44cd-cf39-40d4-8a47-5a6e39a7f556",
            "identity_provider_id": "9344f892-adbf-4bfa-8b3b-c4b31617143a",
            "name": "AWS-DEV-access-policy",
            "user_ids": [
              "00u13543boCcEbe8a4x6"
            ],
            "validators": []
          },
          "private": "bnVsbA==",
          "dependencies": [
            "luminate_site.site",
            "luminate_web_application.nginx"
          ]
        }
      ]
    },
    {
      "mode": "managed",
      "type": "luminate_web_application",
      "name": "nginx",
      "provider": "provider.luminate",
      "instances": [
        {
          "schema_version": 0,
          "attributes": {
            "custom_domain_record_name": null,
            "custom_domain_record_type": null,
            "custom_external_address": "",
            "custom_root_path": "",
            "default_content_rewrite_rules_enabled": true,
            "default_header_rewrite_rules_enabled": true,
            "external_address": "https://gcp-sac-cicd.symcmwinslow.luminatesite.com",
            "header_customization": null,
            "health_method": "",
            "health_url": "",
            "icon": "",
            "id": "4a4a359d-2956-43cc-988b-7a2ec60cd86f",
            "internal_address": "http://127.0.0.1:8080",
            "linked_applications": null,
            "luminate_address": "https://gcp-sac-cicd.symcmwinslow.luminatesite.com",
            "name": "GCP-SAC-CICD",
            "notification_enabled": true,
            "site_id": "8e299902-db4e-4779-96d5-d5f3188f0026",
            "sub_type": "HTTP_LUMINATE_DOMAIN",
            "subdomain": "gcp-sac-cicd",
            "use_external_address_for_host_and_sni": false,
            "visible": true,
            "wildcard_certificate": "",
            "wildcard_private_key": ""
          },
          "private": "bnVsbA==",
          "dependencies": [
            "luminate_site.site"
          ]
        }
      ]
    },
    {
      "mode": "managed",
      "type": "random_id",
      "name": "instance_id",
      "provider": "provider.random",
      "instances": [
        {
          "schema_version": 0,
          "attributes": {
            "b64": "HFXKIxz9btE",
            "b64_std": "HFXKIxz9btE=",
            "b64_url": "HFXKIxz9btE",
            "byte_length": 8,
            "dec": "2041760258241425105",
            "hex": "1c55ca231cfd6ed1",
            "id": "HFXKIxz9btE",
            "keepers": null,
            "prefix": null
          },
          "private": "bnVsbA=="
        }
      ]
    }
  ]
}
