{
  "version": 4,
  "terraform_version": "0.12.24",
  "serial": 95,
  "lineage": "605a2f12-08c1-c006-c92e-e818866941d5",
  "outputs": {},
  "resources": [
    {
      "mode": "managed",
      "type": "google_compute_instance",
      "name": "default",
      "provider": "provider.google",
      "instances": [
        {
          "schema_version": 6,
          "attributes": {
            "allow_stopping_for_update": null,
            "attached_disk": [],
            "boot_disk": [
              {
                "auto_delete": true,
                "device_name": "persistent-disk-0",
                "disk_encryption_key_raw": "",
                "disk_encryption_key_sha256": "",
                "initialize_params": [
                  {
                    "image": "https://www.googleapis.com/compute/v1/projects/ubuntu-os-cloud/global/images/ubuntu-1804-bionic-v20200414",
                    "labels": {},
                    "size": 10,
                    "type": "pd-standard"
                  }
                ],
                "kms_key_self_link": "",
                "mode": "READ_WRITE",
                "source": "https://www.googleapis.com/compute/v1/projects/demos-sed-isg-integdemo/zones/us-west1-a/disks/sac-dev-vm-c73709fe242c2518"
              }
            ],
            "can_ip_forward": false,
            "cpu_platform": "Intel Broadwell",
            "current_status": "RUNNING",
            "deletion_protection": false,
            "description": "",
            "desired_status": null,
            "enable_display": false,
            "guest_accelerator": [],
            "hostname": "",
            "id": "projects/demos-sed-isg-integdemo/zones/us-west1-a/instances/sac-dev-vm-c73709fe242c2518",
            "instance_id": "8080385098694145754",
            "label_fingerprint": "42WmSpB8rSM=",
            "labels": null,
            "machine_type": "f1-micro",
            "metadata": null,
            "metadata_fingerprint": "Q8SlfE0L2lQ=",
            "metadata_startup_script": "#!/bin/bash\n\napt-get update\napt-get install -y \\\n    apt-transport-https \\\n    ca-certificates \\\n    curl \\\n    software-properties-common\n\ncurl -fsSL https://download.docker.com/linux/ubuntu/gpg | sudo apt-key add -\n\nadd-apt-repository \\\n   \"deb [arch=amd64] https://download.docker.com/linux/ubuntu \\\n   $(lsb_release -cs) \\\n   stable\"\n\napt-get update\napt-get install -y docker-ce\n\napt-get install -y git\nmkdir -p /data/web",
            "min_cpu_platform": "",
            "name": "sac-dev-vm-c73709fe242c2518",
            "network_interface": [
              {
                "access_config": [
                  {
                    "nat_ip": "35.230.51.0",
                    "network_tier": "PREMIUM",
                    "public_ptr_domain_name": ""
                  }
                ],
                "alias_ip_range": [],
                "name": "nic0",
                "network": "https://www.googleapis.com/compute/v1/projects/demos-sed-isg-integdemo/global/networks/default",
                "network_ip": "10.138.0.21",
                "subnetwork": "https://www.googleapis.com/compute/v1/projects/demos-sed-isg-integdemo/regions/us-west1/subnetworks/default",
                "subnetwork_project": "demos-sed-isg-integdemo"
              }
            ],
            "project": "demos-sed-isg-integdemo",
            "resource_policies": null,
            "scheduling": [
              {
                "automatic_restart": true,
                "node_affinities": [],
                "on_host_maintenance": "MIGRATE",
                "preemptible": false
              }
            ],
            "scratch_disk": [],
            "self_link": "https://www.googleapis.com/compute/v1/projects/demos-sed-isg-integdemo/zones/us-west1-a/instances/sac-dev-vm-c73709fe242c2518",
            "service_account": [],
            "shielded_instance_config": [
              {
                "enable_integrity_monitoring": true,
                "enable_secure_boot": false,
                "enable_vtpm": true
              }
            ],
            "tags": null,
            "tags_fingerprint": "42WmSpB8rSM=",
            "timeouts": null,
            "zone": "us-west1-a"
          },
          "private": "eyJlMmJmYjczMC1lY2FhLTExZTYtOGY4OC0zNDM2M2JjN2M0YzAiOnsiY3JlYXRlIjoxMjAwMDAwMDAwMDAwLCJkZWxldGUiOjEyMDAwMDAwMDAwMDAsInVwZGF0ZSI6MTIwMDAwMDAwMDAwMH0sInNjaGVtYV92ZXJzaW9uIjoiNiJ9",
          "dependencies": [
            "random_id.instance_id"
          ]
        }
      ]
    },
    {
      "mode": "managed",
      "type": "random_id",
      "name": "instance_id",
      "provider": "provider.random",
      "instances": [
        {
          "schema_version": 0,
          "attributes": {
            "b64": "xzcJ_iQsJRg",
            "b64_std": "xzcJ/iQsJRg=",
            "b64_url": "xzcJ_iQsJRg",
            "byte_length": 8,
            "dec": "14354953324399961368",
            "hex": "c73709fe242c2518",
            "id": "xzcJ_iQsJRg",
            "keepers": null,
            "prefix": null
          },
          "private": "bnVsbA=="
        }
      ]
    }
  ]
}
